// !$*UTF8*$!
{
	archiveVersion = 1;
	classes = {
	};
	objectVersion = 56;
	objects = {

/* Begin PBXBuildFile section */
		040B47E829EE29DA003BAB6F /* _706012110055_Muhammad_Ghifari_Febriansyah_AFL_3App.swift in Sources */ = {isa = PBXBuildFile; fileRef = 040B47E729EE29DA003BAB6F /* _706012110055_Muhammad_Ghifari_Febriansyah_AFL_3App.swift */; };
		040B47EF29EE29DB003BAB6F /* Preview Assets.xcassets in Resources */ = {isa = PBXBuildFile; fileRef = 040B47EE29EE29DB003BAB6F /* Preview Assets.xcassets */; };
		040B47F929EE29DC003BAB6F /* _706012110055_Muhammad_Ghifari_Febriansyah_AFL_3Tests.swift in Sources */ = {isa = PBXBuildFile; fileRef = 040B47F829EE29DC003BAB6F /* _706012110055_Muhammad_Ghifari_Febriansyah_AFL_3Tests.swift */; };
		040B480329EE29DC003BAB6F /* _706012110055_Muhammad_Ghifari_Febriansyah_AFL_3UITests.swift in Sources */ = {isa = PBXBuildFile; fileRef = 040B480229EE29DC003BAB6F /* _706012110055_Muhammad_Ghifari_Febriansyah_AFL_3UITests.swift */; };
		040B480529EE29DC003BAB6F /* _706012110055_Muhammad_Ghifari_Febriansyah_AFL_3UITestsLaunchTests.swift in Sources */ = {isa = PBXBuildFile; fileRef = 040B480429EE29DC003BAB6F /* _706012110055_Muhammad_Ghifari_Febriansyah_AFL_3UITestsLaunchTests.swift */; };
		040B483429EE29F6003BAB6F /* Assets.xcassets in Resources */ = {isa = PBXBuildFile; fileRef = 040B481129EE29F6003BAB6F /* Assets.xcassets */; };
		040B483529EE29F6003BAB6F /* Hike.swift in Sources */ = {isa = PBXBuildFile; fileRef = 040B481329EE29F6003BAB6F /* Hike.swift */; };
		040B483629EE29F6003BAB6F /* ModelData.swift in Sources */ = {isa = PBXBuildFile; fileRef = 040B481429EE29F6003BAB6F /* ModelData.swift */; };
		040B483729EE29F6003BAB6F /* Landmark.swift in Sources */ = {isa = PBXBuildFile; fileRef = 040B481529EE29F6003BAB6F /* Landmark.swift */; };
		040B483829EE29F6003BAB6F /* Preview Assets.xcassets in Resources */ = {isa = PBXBuildFile; fileRef = 040B481729EE29F6003BAB6F /* Preview Assets.xcassets */; };
		040B483929EE29F6003BAB6F /* hikeData.json in Resources */ = {isa = PBXBuildFile; fileRef = 040B481929EE29F6003BAB6F /* hikeData.json */; };
		040B483A29EE29F6003BAB6F /* landmarkData.json in Resources */ = {isa = PBXBuildFile; fileRef = 040B481A29EE29F6003BAB6F /* landmarkData.json */; };
		040B483B29EE29F6003BAB6F /* GraphCapsule.swift in Sources */ = {isa = PBXBuildFile; fileRef = 040B481D29EE29F6003BAB6F /* GraphCapsule.swift */; };
		040B483C29EE29F6003BAB6F /* HikeGraph.swift in Sources */ = {isa = PBXBuildFile; fileRef = 040B481E29EE29F6003BAB6F /* HikeGraph.swift */; };
		040B483D29EE29F6003BAB6F /* HikeDetail.swift in Sources */ = {isa = PBXBuildFile; fileRef = 040B481F29EE29F6003BAB6F /* HikeDetail.swift */; };
		040B483E29EE29F6003BAB6F /* HikeView.swift in Sources */ = {isa = PBXBuildFile; fileRef = 040B482029EE29F6003BAB6F /* HikeView.swift */; };
		040B483F29EE29F6003BAB6F /* LandmarkList.swift in Sources */ = {isa = PBXBuildFile; fileRef = 040B482229EE29F6003BAB6F /* LandmarkList.swift */; };
		040B484029EE29F6003BAB6F /* LandmarkDetail.swift in Sources */ = {isa = PBXBuildFile; fileRef = 040B482329EE29F6003BAB6F /* LandmarkDetail.swift */; };
		040B484129EE29F6003BAB6F /* LandmarkRow.swift in Sources */ = {isa = PBXBuildFile; fileRef = 040B482429EE29F6003BAB6F /* LandmarkRow.swift */; };
		040B484229EE29F6003BAB6F /* CategoryItem.swift in Sources */ = {isa = PBXBuildFile; fileRef = 040B482629EE29F6003BAB6F /* CategoryItem.swift */; };
		040B484329EE29F6003BAB6F /* CategoryHome.swift in Sources */ = {isa = PBXBuildFile; fileRef = 040B482729EE29F6003BAB6F /* CategoryHome.swift */; };
		040B484429EE29F6003BAB6F /* CategoryRow.swift in Sources */ = {isa = PBXBuildFile; fileRef = 040B482829EE29F6003BAB6F /* CategoryRow.swift */; };
		040B484529EE29F6003BAB6F /* ContentView.swift in Sources */ = {isa = PBXBuildFile; fileRef = 040B482929EE29F6003BAB6F /* ContentView.swift */; };
		040B484629EE29F6003BAB6F /* MapView.swift in Sources */ = {isa = PBXBuildFile; fileRef = 040B482B29EE29F6003BAB6F /* MapView.swift */; };
		040B484729EE29F6003BAB6F /* CircleImage.swift in Sources */ = {isa = PBXBuildFile; fileRef = 040B482C29EE29F6003BAB6F /* CircleImage.swift */; };
		040B484829EE29F6003BAB6F /* FavoriteButton.swift in Sources */ = {isa = PBXBuildFile; fileRef = 040B482D29EE29F6003BAB6F /* FavoriteButton.swift */; };
		040B484929EE29F6003BAB6F /* RotateBadgeSymbol.swift in Sources */ = {isa = PBXBuildFile; fileRef = 040B482F29EE29F6003BAB6F /* RotateBadgeSymbol.swift */; };
		040B484A29EE29F6003BAB6F /* HexagonParameters.swift in Sources */ = {isa = PBXBuildFile; fileRef = 040B483029EE29F6003BAB6F /* HexagonParameters.swift */; };
		040B484B29EE29F6003BAB6F /* BadgeSymbol.swift in Sources */ = {isa = PBXBuildFile; fileRef = 040B483129EE29F6003BAB6F /* BadgeSymbol.swift */; };
		040B484C29EE29F6003BAB6F /* BadgeBackground.swift in Sources */ = {isa = PBXBuildFile; fileRef = 040B483229EE29F6003BAB6F /* BadgeBackground.swift */; };
		040B484D29EE29F6003BAB6F /* Badge.swift in Sources */ = {isa = PBXBuildFile; fileRef = 040B483329EE29F6003BAB6F /* Badge.swift */; };
		040B485229EE351C003BAB6F /* Profile.swift in Sources */ = {isa = PBXBuildFile; fileRef = 040B485129EE351C003BAB6F /* Profile.swift */; };
		040B485429EE3532003BAB6F /* ProfileSummary.swift in Sources */ = {isa = PBXBuildFile; fileRef = 040B485329EE3532003BAB6F /* ProfileSummary.swift */; };
		040B485629EE3587003BAB6F /* ProfileHost.swift in Sources */ = {isa = PBXBuildFile; fileRef = 040B485529EE3587003BAB6F /* ProfileHost.swift */; };
		040B485829EE35B7003BAB6F /* HikeBadge.swift in Sources */ = {isa = PBXBuildFile; fileRef = 040B485729EE35B7003BAB6F /* HikeBadge.swift */; };
		04150C9C29F366D500AD81A0 /* ProfileEditor.swift in Sources */ = {isa = PBXBuildFile; fileRef = 04150C9B29F366D500AD81A0 /* ProfileEditor.swift */; };
		04150CA129F36A9000AD81A0 /* PageViewController.swift in Sources */ = {isa = PBXBuildFile; fileRef = 04150CA029F36A9000AD81A0 /* PageViewController.swift */; };
		04150CA529F36B9C00AD81A0 /* FeatureCard.swift in Sources */ = {isa = PBXBuildFile; fileRef = 04150CA429F36B9C00AD81A0 /* FeatureCard.swift */; };
		04150CA729F36BD300AD81A0 /* PageView.swift in Sources */ = {isa = PBXBuildFile; fileRef = 04150CA629F36BD300AD81A0 /* PageView.swift */; };
		04150CA929F36EF000AD81A0 /* PageControl.swift in Sources */ = {isa = PBXBuildFile; fileRef = 04150CA829F36EF000AD81A0 /* PageControl.swift */; };
		04150CB329F775E100AD81A0 /* ContentView.swift in Sources */ = {isa = PBXBuildFile; fileRef = 04150CB229F775E100AD81A0 /* ContentView.swift */; };
		04150CB529F775E500AD81A0 /* Assets.xcassets in Resources */ = {isa = PBXBuildFile; fileRef = 04150CB429F775E500AD81A0 /* Assets.xcassets */; };
		04150CB829F775E500AD81A0 /* Preview Assets.xcassets in Resources */ = {isa = PBXBuildFile; fileRef = 04150CB729F775E500AD81A0 /* Preview Assets.xcassets */; };
		04150CC329F775E500AD81A0 /* MacLandmarksTests.swift in Sources */ = {isa = PBXBuildFile; fileRef = 04150CC229F775E500AD81A0 /* MacLandmarksTests.swift */; };
		04150CCD29F775E500AD81A0 /* MacLandmarksUITests.swift in Sources */ = {isa = PBXBuildFile; fileRef = 04150CCC29F775E500AD81A0 /* MacLandmarksUITests.swift */; };
		04150CCF29F775E500AD81A0 /* MacLandmarksUITestsLaunchTests.swift in Sources */ = {isa = PBXBuildFile; fileRef = 04150CCE29F775E500AD81A0 /* MacLandmarksUITestsLaunchTests.swift */; };
		04150CD929F7775600AD81A0 /* _706012110055_Muhammad_Ghifari_Febriansyah_AFL_3App.swift in Sources */ = {isa = PBXBuildFile; fileRef = 040B47E729EE29DA003BAB6F /* _706012110055_Muhammad_Ghifari_Febriansyah_AFL_3App.swift */; };
		04150CDA29F7775600AD81A0 /* hikeData.json in Resources */ = {isa = PBXBuildFile; fileRef = 040B481929EE29F6003BAB6F /* hikeData.json */; };
		04150CDB29F7775600AD81A0 /* Profile.swift in Sources */ = {isa = PBXBuildFile; fileRef = 040B485129EE351C003BAB6F /* Profile.swift */; };
		04150CDC29F7775600AD81A0 /* LandmarkRow.swift in Sources */ = {isa = PBXBuildFile; fileRef = 040B482429EE29F6003BAB6F /* LandmarkRow.swift */; };
		04150CDD29F7775600AD81A0 /* Landmark.swift in Sources */ = {isa = PBXBuildFile; fileRef = 040B481529EE29F6003BAB6F /* Landmark.swift */; };
		04150CDE29F7775600AD81A0 /* landmarkData.json in Resources */ = {isa = PBXBuildFile; fileRef = 040B481A29EE29F6003BAB6F /* landmarkData.json */; };
		04150CDF29F7775600AD81A0 /* Hike.swift in Sources */ = {isa = PBXBuildFile; fileRef = 040B481329EE29F6003BAB6F /* Hike.swift */; };
		04150CE029F7775600AD81A0 /* ModelData.swift in Sources */ = {isa = PBXBuildFile; fileRef = 040B481429EE29F6003BAB6F /* ModelData.swift */; };
		04150CE129F7775600AD81A0 /* Assets.xcassets in Resources */ = {isa = PBXBuildFile; fileRef = 040B481129EE29F6003BAB6F /* Assets.xcassets */; };
		04150CE229F7775600AD81A0 /* LandmarkList.swift in Sources */ = {isa = PBXBuildFile; fileRef = 040B482229EE29F6003BAB6F /* LandmarkList.swift */; };
		04150CE529F7784500AD81A0 /* LandmarkDetail.swift in Sources */ = {isa = PBXBuildFile; fileRef = 04150CE429F7784500AD81A0 /* LandmarkDetail.swift */; };
		04150CE629F778A400AD81A0 /* CircleImage.swift in Sources */ = {isa = PBXBuildFile; fileRef = 040B482C29EE29F6003BAB6F /* CircleImage.swift */; };
		04150CE729F778A400AD81A0 /* FavoriteButton.swift in Sources */ = {isa = PBXBuildFile; fileRef = 040B482D29EE29F6003BAB6F /* FavoriteButton.swift */; };
		04150CE829F778A400AD81A0 /* MapView.swift in Sources */ = {isa = PBXBuildFile; fileRef = 040B482B29EE29F6003BAB6F /* MapView.swift */; };
/* End PBXBuildFile section */

/* Begin PBXContainerItemProxy section */
		040B47F529EE29DC003BAB6F /* PBXContainerItemProxy */ = {
			isa = PBXContainerItemProxy;
			containerPortal = 040B47DC29EE29DA003BAB6F /* Project object */;
			proxyType = 1;
			remoteGlobalIDString = 040B47E329EE29DA003BAB6F;
			remoteInfo = "0706012110055-Muhammad Ghifari Febriansyah-AFL 3";
		};
		040B47FF29EE29DC003BAB6F /* PBXContainerItemProxy */ = {
			isa = PBXContainerItemProxy;
			containerPortal = 040B47DC29EE29DA003BAB6F /* Project object */;
			proxyType = 1;
			remoteGlobalIDString = 040B47E329EE29DA003BAB6F;
			remoteInfo = "0706012110055-Muhammad Ghifari Febriansyah-AFL 3";
		};
		04150CBF29F775E500AD81A0 /* PBXContainerItemProxy */ = {
			isa = PBXContainerItemProxy;
			containerPortal = 040B47DC29EE29DA003BAB6F /* Project object */;
			proxyType = 1;
			remoteGlobalIDString = 04150CAD29F775E100AD81A0;
			remoteInfo = MacLandmarks;
		};
		04150CC929F775E500AD81A0 /* PBXContainerItemProxy */ = {
			isa = PBXContainerItemProxy;
			containerPortal = 040B47DC29EE29DA003BAB6F /* Project object */;
			proxyType = 1;
			remoteGlobalIDString = 04150CAD29F775E100AD81A0;
			remoteInfo = MacLandmarks;
		};
/* End PBXContainerItemProxy section */

/* Begin PBXFileReference section */
		040B47E429EE29DA003BAB6F /* 0706012110055-Muhammad Ghifari Febriansyah-AFL 3.app */ = {isa = PBXFileReference; explicitFileType = wrapper.application; includeInIndex = 0; path = "0706012110055-Muhammad Ghifari Febriansyah-AFL 3.app"; sourceTree = BUILT_PRODUCTS_DIR; };
		040B47E729EE29DA003BAB6F /* _706012110055_Muhammad_Ghifari_Febriansyah_AFL_3App.swift */ = {isa = PBXFileReference; lastKnownFileType = sourcecode.swift; path = _706012110055_Muhammad_Ghifari_Febriansyah_AFL_3App.swift; sourceTree = "<group>"; };
		040B47EE29EE29DB003BAB6F /* Preview Assets.xcassets */ = {isa = PBXFileReference; lastKnownFileType = folder.assetcatalog; path = "Preview Assets.xcassets"; sourceTree = "<group>"; };
		040B47F429EE29DC003BAB6F /* 0706012110055-Muhammad Ghifari Febriansyah-AFL 3Tests.xctest */ = {isa = PBXFileReference; explicitFileType = wrapper.cfbundle; includeInIndex = 0; path = "0706012110055-Muhammad Ghifari Febriansyah-AFL 3Tests.xctest"; sourceTree = BUILT_PRODUCTS_DIR; };
		040B47F829EE29DC003BAB6F /* _706012110055_Muhammad_Ghifari_Febriansyah_AFL_3Tests.swift */ = {isa = PBXFileReference; lastKnownFileType = sourcecode.swift; path = _706012110055_Muhammad_Ghifari_Febriansyah_AFL_3Tests.swift; sourceTree = "<group>"; };
		040B47FE29EE29DC003BAB6F /* 0706012110055-Muhammad Ghifari Febriansyah-AFL 3UITests.xctest */ = {isa = PBXFileReference; explicitFileType = wrapper.cfbundle; includeInIndex = 0; path = "0706012110055-Muhammad Ghifari Febriansyah-AFL 3UITests.xctest"; sourceTree = BUILT_PRODUCTS_DIR; };
		040B480229EE29DC003BAB6F /* _706012110055_Muhammad_Ghifari_Febriansyah_AFL_3UITests.swift */ = {isa = PBXFileReference; lastKnownFileType = sourcecode.swift; path = _706012110055_Muhammad_Ghifari_Febriansyah_AFL_3UITests.swift; sourceTree = "<group>"; };
		040B480429EE29DC003BAB6F /* _706012110055_Muhammad_Ghifari_Febriansyah_AFL_3UITestsLaunchTests.swift */ = {isa = PBXFileReference; lastKnownFileType = sourcecode.swift; path = _706012110055_Muhammad_Ghifari_Febriansyah_AFL_3UITestsLaunchTests.swift; sourceTree = "<group>"; };
		040B481129EE29F6003BAB6F /* Assets.xcassets */ = {isa = PBXFileReference; lastKnownFileType = folder.assetcatalog; name = Assets.xcassets; path = "../../0706012110055-Muhammad Ghifari Febriansyah-AFL3 2/0706012110055-Muhammad Ghifari Febriansyah-AFL3/Assets.xcassets"; sourceTree = "<group>"; };
		040B481329EE29F6003BAB6F /* Hike.swift */ = {isa = PBXFileReference; fileEncoding = 4; lastKnownFileType = sourcecode.swift; path = Hike.swift; sourceTree = "<group>"; };
		040B481429EE29F6003BAB6F /* ModelData.swift */ = {isa = PBXFileReference; fileEncoding = 4; lastKnownFileType = sourcecode.swift; path = ModelData.swift; sourceTree = "<group>"; };
		040B481529EE29F6003BAB6F /* Landmark.swift */ = {isa = PBXFileReference; fileEncoding = 4; lastKnownFileType = sourcecode.swift; path = Landmark.swift; sourceTree = "<group>"; };
		040B481729EE29F6003BAB6F /* Preview Assets.xcassets */ = {isa = PBXFileReference; lastKnownFileType = folder.assetcatalog; path = "Preview Assets.xcassets"; sourceTree = "<group>"; };
		040B481929EE29F6003BAB6F /* hikeData.json */ = {isa = PBXFileReference; fileEncoding = 4; lastKnownFileType = text.json; path = hikeData.json; sourceTree = "<group>"; };
		040B481A29EE29F6003BAB6F /* landmarkData.json */ = {isa = PBXFileReference; fileEncoding = 4; lastKnownFileType = text.json; path = landmarkData.json; sourceTree = "<group>"; };
		040B481D29EE29F6003BAB6F /* GraphCapsule.swift */ = {isa = PBXFileReference; fileEncoding = 4; lastKnownFileType = sourcecode.swift; path = GraphCapsule.swift; sourceTree = "<group>"; };
		040B481E29EE29F6003BAB6F /* HikeGraph.swift */ = {isa = PBXFileReference; fileEncoding = 4; lastKnownFileType = sourcecode.swift; path = HikeGraph.swift; sourceTree = "<group>"; };
		040B481F29EE29F6003BAB6F /* HikeDetail.swift */ = {isa = PBXFileReference; fileEncoding = 4; lastKnownFileType = sourcecode.swift; path = HikeDetail.swift; sourceTree = "<group>"; };
		040B482029EE29F6003BAB6F /* HikeView.swift */ = {isa = PBXFileReference; fileEncoding = 4; lastKnownFileType = sourcecode.swift; path = HikeView.swift; sourceTree = "<group>"; };
		040B482229EE29F6003BAB6F /* LandmarkList.swift */ = {isa = PBXFileReference; fileEncoding = 4; lastKnownFileType = sourcecode.swift; path = LandmarkList.swift; sourceTree = "<group>"; };
		040B482329EE29F6003BAB6F /* LandmarkDetail.swift */ = {isa = PBXFileReference; fileEncoding = 4; lastKnownFileType = sourcecode.swift; path = LandmarkDetail.swift; sourceTree = "<group>"; };
		040B482429EE29F6003BAB6F /* LandmarkRow.swift */ = {isa = PBXFileReference; fileEncoding = 4; lastKnownFileType = sourcecode.swift; path = LandmarkRow.swift; sourceTree = "<group>"; };
		040B482629EE29F6003BAB6F /* CategoryItem.swift */ = {isa = PBXFileReference; fileEncoding = 4; lastKnownFileType = sourcecode.swift; path = CategoryItem.swift; sourceTree = "<group>"; };
		040B482729EE29F6003BAB6F /* CategoryHome.swift */ = {isa = PBXFileReference; fileEncoding = 4; lastKnownFileType = sourcecode.swift; path = CategoryHome.swift; sourceTree = "<group>"; };
		040B482829EE29F6003BAB6F /* CategoryRow.swift */ = {isa = PBXFileReference; fileEncoding = 4; lastKnownFileType = sourcecode.swift; path = CategoryRow.swift; sourceTree = "<group>"; };
		040B482929EE29F6003BAB6F /* ContentView.swift */ = {isa = PBXFileReference; fileEncoding = 4; lastKnownFileType = sourcecode.swift; path = ContentView.swift; sourceTree = "<group>"; };
		040B482B29EE29F6003BAB6F /* MapView.swift */ = {isa = PBXFileReference; fileEncoding = 4; lastKnownFileType = sourcecode.swift; path = MapView.swift; sourceTree = "<group>"; };
		040B482C29EE29F6003BAB6F /* CircleImage.swift */ = {isa = PBXFileReference; fileEncoding = 4; lastKnownFileType = sourcecode.swift; path = CircleImage.swift; sourceTree = "<group>"; };
		040B482D29EE29F6003BAB6F /* FavoriteButton.swift */ = {isa = PBXFileReference; fileEncoding = 4; lastKnownFileType = sourcecode.swift; path = FavoriteButton.swift; sourceTree = "<group>"; };
		040B482F29EE29F6003BAB6F /* RotateBadgeSymbol.swift */ = {isa = PBXFileReference; fileEncoding = 4; lastKnownFileType = sourcecode.swift; path = RotateBadgeSymbol.swift; sourceTree = "<group>"; };
		040B483029EE29F6003BAB6F /* HexagonParameters.swift */ = {isa = PBXFileReference; fileEncoding = 4; lastKnownFileType = sourcecode.swift; path = HexagonParameters.swift; sourceTree = "<group>"; };
		040B483129EE29F6003BAB6F /* BadgeSymbol.swift */ = {isa = PBXFileReference; fileEncoding = 4; lastKnownFileType = sourcecode.swift; path = BadgeSymbol.swift; sourceTree = "<group>"; };
		040B483229EE29F6003BAB6F /* BadgeBackground.swift */ = {isa = PBXFileReference; fileEncoding = 4; lastKnownFileType = sourcecode.swift; path = BadgeBackground.swift; sourceTree = "<group>"; };
		040B483329EE29F6003BAB6F /* Badge.swift */ = {isa = PBXFileReference; fileEncoding = 4; lastKnownFileType = sourcecode.swift; path = Badge.swift; sourceTree = "<group>"; };
		040B485129EE351C003BAB6F /* Profile.swift */ = {isa = PBXFileReference; lastKnownFileType = sourcecode.swift; path = Profile.swift; sourceTree = "<group>"; };
		040B485329EE3532003BAB6F /* ProfileSummary.swift */ = {isa = PBXFileReference; lastKnownFileType = sourcecode.swift; path = ProfileSummary.swift; sourceTree = "<group>"; };
		040B485529EE3587003BAB6F /* ProfileHost.swift */ = {isa = PBXFileReference; lastKnownFileType = sourcecode.swift; path = ProfileHost.swift; sourceTree = "<group>"; };
		040B485729EE35B7003BAB6F /* HikeBadge.swift */ = {isa = PBXFileReference; lastKnownFileType = sourcecode.swift; path = HikeBadge.swift; sourceTree = "<group>"; };
		04150C9B29F366D500AD81A0 /* ProfileEditor.swift */ = {isa = PBXFileReference; lastKnownFileType = sourcecode.swift; path = ProfileEditor.swift; sourceTree = "<group>"; };
		04150CA029F36A9000AD81A0 /* PageViewController.swift */ = {isa = PBXFileReference; lastKnownFileType = sourcecode.swift; path = PageViewController.swift; sourceTree = "<group>"; };
		04150CA429F36B9C00AD81A0 /* FeatureCard.swift */ = {isa = PBXFileReference; lastKnownFileType = sourcecode.swift; path = FeatureCard.swift; sourceTree = "<group>"; };
		04150CA629F36BD300AD81A0 /* PageView.swift */ = {isa = PBXFileReference; lastKnownFileType = sourcecode.swift; path = PageView.swift; sourceTree = "<group>"; };
		04150CA829F36EF000AD81A0 /* PageControl.swift */ = {isa = PBXFileReference; lastKnownFileType = sourcecode.swift; path = PageControl.swift; sourceTree = "<group>"; };
		04150CAE29F775E100AD81A0 /* MacLandmarks.app */ = {isa = PBXFileReference; explicitFileType = wrapper.application; includeInIndex = 0; path = MacLandmarks.app; sourceTree = BUILT_PRODUCTS_DIR; };
		04150CB229F775E100AD81A0 /* ContentView.swift */ = {isa = PBXFileReference; lastKnownFileType = sourcecode.swift; path = ContentView.swift; sourceTree = "<group>"; };
		04150CB429F775E500AD81A0 /* Assets.xcassets */ = {isa = PBXFileReference; lastKnownFileType = folder.assetcatalog; path = Assets.xcassets; sourceTree = "<group>"; };
		04150CB729F775E500AD81A0 /* Preview Assets.xcassets */ = {isa = PBXFileReference; lastKnownFileType = folder.assetcatalog; path = "Preview Assets.xcassets"; sourceTree = "<group>"; };
		04150CB929F775E500AD81A0 /* MacLandmarks.entitlements */ = {isa = PBXFileReference; lastKnownFileType = text.plist.entitlements; path = MacLandmarks.entitlements; sourceTree = "<group>"; };
		04150CBE29F775E500AD81A0 /* MacLandmarksTests.xctest */ = {isa = PBXFileReference; explicitFileType = wrapper.cfbundle; includeInIndex = 0; path = MacLandmarksTests.xctest; sourceTree = BUILT_PRODUCTS_DIR; };
		04150CC229F775E500AD81A0 /* MacLandmarksTests.swift */ = {isa = PBXFileReference; lastKnownFileType = sourcecode.swift; path = MacLandmarksTests.swift; sourceTree = "<group>"; };
		04150CC829F775E500AD81A0 /* MacLandmarksUITests.xctest */ = {isa = PBXFileReference; explicitFileType = wrapper.cfbundle; includeInIndex = 0; path = MacLandmarksUITests.xctest; sourceTree = BUILT_PRODUCTS_DIR; };
		04150CCC29F775E500AD81A0 /* MacLandmarksUITests.swift */ = {isa = PBXFileReference; lastKnownFileType = sourcecode.swift; path = MacLandmarksUITests.swift; sourceTree = "<group>"; };
		04150CCE29F775E500AD81A0 /* MacLandmarksUITestsLaunchTests.swift */ = {isa = PBXFileReference; lastKnownFileType = sourcecode.swift; path = MacLandmarksUITestsLaunchTests.swift; sourceTree = "<group>"; };
		04150CE429F7784500AD81A0 /* LandmarkDetail.swift */ = {isa = PBXFileReference; lastKnownFileType = sourcecode.swift; path = LandmarkDetail.swift; sourceTree = "<group>"; };
/* End PBXFileReference section */

/* Begin PBXFrameworksBuildPhase section */
		040B47E129EE29DA003BAB6F /* Frameworks */ = {
			isa = PBXFrameworksBuildPhase;
			buildActionMask = 2147483647;
			files = (
			);
			runOnlyForDeploymentPostprocessing = 0;
		};
		040B47F129EE29DC003BAB6F /* Frameworks */ = {
			isa = PBXFrameworksBuildPhase;
			buildActionMask = 2147483647;
			files = (
			);
			runOnlyForDeploymentPostprocessing = 0;
		};
		040B47FB29EE29DC003BAB6F /* Frameworks */ = {
			isa = PBXFrameworksBuildPhase;
			buildActionMask = 2147483647;
			files = (
			);
			runOnlyForDeploymentPostprocessing = 0;
		};
		04150CAB29F775E100AD81A0 /* Frameworks */ = {
			isa = PBXFrameworksBuildPhase;
			buildActionMask = 2147483647;
			files = (
			);
			runOnlyForDeploymentPostprocessing = 0;
		};
		04150CBB29F775E500AD81A0 /* Frameworks */ = {
			isa = PBXFrameworksBuildPhase;
			buildActionMask = 2147483647;
			files = (
			);
			runOnlyForDeploymentPostprocessing = 0;
		};
		04150CC529F775E500AD81A0 /* Frameworks */ = {
			isa = PBXFrameworksBuildPhase;
			buildActionMask = 2147483647;
			files = (
			);
			runOnlyForDeploymentPostprocessing = 0;
		};
/* End PBXFrameworksBuildPhase section */

/* Begin PBXGroup section */
		040B47DB29EE29DA003BAB6F = {
			isa = PBXGroup;
			children = (
				040B47E629EE29DA003BAB6F /* 0706012110055-Muhammad Ghifari Febriansyah-AFL 3 */,
				040B47F729EE29DC003BAB6F /* 0706012110055-Muhammad Ghifari Febriansyah-AFL 3Tests */,
				040B480129EE29DC003BAB6F /* 0706012110055-Muhammad Ghifari Febriansyah-AFL 3UITests */,
				04150CAF29F775E100AD81A0 /* MacLandmarks */,
				04150CC129F775E500AD81A0 /* MacLandmarksTests */,
				04150CCB29F775E500AD81A0 /* MacLandmarksUITests */,
				040B47E529EE29DA003BAB6F /* Products */,
			);
			sourceTree = "<group>";
		};
		040B47E529EE29DA003BAB6F /* Products */ = {
			isa = PBXGroup;
			children = (
				040B47E429EE29DA003BAB6F /* 0706012110055-Muhammad Ghifari Febriansyah-AFL 3.app */,
				040B47F429EE29DC003BAB6F /* 0706012110055-Muhammad Ghifari Febriansyah-AFL 3Tests.xctest */,
				040B47FE29EE29DC003BAB6F /* 0706012110055-Muhammad Ghifari Febriansyah-AFL 3UITests.xctest */,
				04150CAE29F775E100AD81A0 /* MacLandmarks.app */,
				04150CBE29F775E500AD81A0 /* MacLandmarksTests.xctest */,
				04150CC829F775E500AD81A0 /* MacLandmarksUITests.xctest */,
			);
			name = Products;
			sourceTree = "<group>";
		};
		040B47E629EE29DA003BAB6F /* 0706012110055-Muhammad Ghifari Febriansyah-AFL 3 */ = {
			isa = PBXGroup;
			children = (
				040B481129EE29F6003BAB6F /* Assets.xcassets */,
				040B481229EE29F6003BAB6F /* Model */,
				040B481629EE29F6003BAB6F /* Preview Content */,
				040B481829EE29F6003BAB6F /* Resources */,
				040B481B29EE29F6003BAB6F /* Views */,
				040B47E729EE29DA003BAB6F /* _706012110055_Muhammad_Ghifari_Febriansyah_AFL_3App.swift */,
				040B47ED29EE29DB003BAB6F /* Preview Content */,
			);
			path = "0706012110055-Muhammad Ghifari Febriansyah-AFL 3";
			sourceTree = "<group>";
		};
		040B47ED29EE29DB003BAB6F /* Preview Content */ = {
			isa = PBXGroup;
			children = (
				040B47EE29EE29DB003BAB6F /* Preview Assets.xcassets */,
			);
			path = "Preview Content";
			sourceTree = "<group>";
		};
		040B47F729EE29DC003BAB6F /* 0706012110055-Muhammad Ghifari Febriansyah-AFL 3Tests */ = {
			isa = PBXGroup;
			children = (
				040B47F829EE29DC003BAB6F /* _706012110055_Muhammad_Ghifari_Febriansyah_AFL_3Tests.swift */,
			);
			path = "0706012110055-Muhammad Ghifari Febriansyah-AFL 3Tests";
			sourceTree = "<group>";
		};
		040B480129EE29DC003BAB6F /* 0706012110055-Muhammad Ghifari Febriansyah-AFL 3UITests */ = {
			isa = PBXGroup;
			children = (
				040B480229EE29DC003BAB6F /* _706012110055_Muhammad_Ghifari_Febriansyah_AFL_3UITests.swift */,
				040B480429EE29DC003BAB6F /* _706012110055_Muhammad_Ghifari_Febriansyah_AFL_3UITestsLaunchTests.swift */,
			);
			path = "0706012110055-Muhammad Ghifari Febriansyah-AFL 3UITests";
			sourceTree = "<group>";
		};
		040B481229EE29F6003BAB6F /* Model */ = {
			isa = PBXGroup;
			children = (
				040B481329EE29F6003BAB6F /* Hike.swift */,
				040B481429EE29F6003BAB6F /* ModelData.swift */,
				040B481529EE29F6003BAB6F /* Landmark.swift */,
				040B485129EE351C003BAB6F /* Profile.swift */,
			);
			path = Model;
			sourceTree = "<group>";
		};
		040B481629EE29F6003BAB6F /* Preview Content */ = {
			isa = PBXGroup;
			children = (
				040B481729EE29F6003BAB6F /* Preview Assets.xcassets */,
			);
			name = "Preview Content";
			path = "../../0706012110055-Muhammad Ghifari Febriansyah-AFL3 2/0706012110055-Muhammad Ghifari Febriansyah-AFL3/Preview Content";
			sourceTree = "<group>";
		};
		040B481829EE29F6003BAB6F /* Resources */ = {
			isa = PBXGroup;
			children = (
				040B481929EE29F6003BAB6F /* hikeData.json */,
				040B481A29EE29F6003BAB6F /* landmarkData.json */,
			);
			path = Resources;
			sourceTree = "<group>";
		};
		040B481B29EE29F6003BAB6F /* Views */ = {
			isa = PBXGroup;
			children = (
				04150C9D29F3696100AD81A0 /* PageView */,
				040B485029EE3508003BAB6F /* Profiles */,
				040B481C29EE29F6003BAB6F /* Hikes */,
				040B482129EE29F6003BAB6F /* Landmarks */,
				040B482529EE29F6003BAB6F /* Categories */,
				040B482929EE29F6003BAB6F /* ContentView.swift */,
				040B482A29EE29F6003BAB6F /* Helpers */,
				040B482E29EE29F6003BAB6F /* Badges */,
			);
			path = Views;
			sourceTree = "<group>";
		};
		040B481C29EE29F6003BAB6F /* Hikes */ = {
			isa = PBXGroup;
			children = (
				040B481D29EE29F6003BAB6F /* GraphCapsule.swift */,
				040B481E29EE29F6003BAB6F /* HikeGraph.swift */,
				040B481F29EE29F6003BAB6F /* HikeDetail.swift */,
				040B482029EE29F6003BAB6F /* HikeView.swift */,
				040B485729EE35B7003BAB6F /* HikeBadge.swift */,
			);
			path = Hikes;
			sourceTree = "<group>";
		};
		040B482129EE29F6003BAB6F /* Landmarks */ = {
			isa = PBXGroup;
			children = (
				040B482229EE29F6003BAB6F /* LandmarkList.swift */,
				040B482329EE29F6003BAB6F /* LandmarkDetail.swift */,
				040B482429EE29F6003BAB6F /* LandmarkRow.swift */,
			);
			path = Landmarks;
			sourceTree = "<group>";
		};
		040B482529EE29F6003BAB6F /* Categories */ = {
			isa = PBXGroup;
			children = (
				040B482629EE29F6003BAB6F /* CategoryItem.swift */,
				040B482729EE29F6003BAB6F /* CategoryHome.swift */,
				040B482829EE29F6003BAB6F /* CategoryRow.swift */,
			);
			path = Categories;
			sourceTree = "<group>";
		};
		040B482A29EE29F6003BAB6F /* Helpers */ = {
			isa = PBXGroup;
			children = (
				040B482B29EE29F6003BAB6F /* MapView.swift */,
				040B482C29EE29F6003BAB6F /* CircleImage.swift */,
				040B482D29EE29F6003BAB6F /* FavoriteButton.swift */,
			);
			path = Helpers;
			sourceTree = "<group>";
		};
		040B482E29EE29F6003BAB6F /* Badges */ = {
			isa = PBXGroup;
			children = (
				040B482F29EE29F6003BAB6F /* RotateBadgeSymbol.swift */,
				040B483029EE29F6003BAB6F /* HexagonParameters.swift */,
				040B483129EE29F6003BAB6F /* BadgeSymbol.swift */,
				040B483229EE29F6003BAB6F /* BadgeBackground.swift */,
				040B483329EE29F6003BAB6F /* Badge.swift */,
			);
			path = Badges;
			sourceTree = "<group>";
		};
		040B485029EE3508003BAB6F /* Profiles */ = {
			isa = PBXGroup;
			children = (
				040B485329EE3532003BAB6F /* ProfileSummary.swift */,
				040B485529EE3587003BAB6F /* ProfileHost.swift */,
				04150C9B29F366D500AD81A0 /* ProfileEditor.swift */,
			);
			path = Profiles;
			sourceTree = "<group>";
		};
		04150C9D29F3696100AD81A0 /* PageView */ = {
			isa = PBXGroup;
			children = (
				04150CA029F36A9000AD81A0 /* PageViewController.swift */,
				04150CA429F36B9C00AD81A0 /* FeatureCard.swift */,
				04150CA629F36BD300AD81A0 /* PageView.swift */,
				04150CA829F36EF000AD81A0 /* PageControl.swift */,
			);
			path = PageView;
			sourceTree = "<group>";
		};
		04150CAF29F775E100AD81A0 /* MacLandmarks */ = {
			isa = PBXGroup;
			children = (
				04150CB229F775E100AD81A0 /* ContentView.swift */,
				04150CB429F775E500AD81A0 /* Assets.xcassets */,
				04150CB929F775E500AD81A0 /* MacLandmarks.entitlements */,
				04150CB629F775E500AD81A0 /* Preview Content */,
				04150CE429F7784500AD81A0 /* LandmarkDetail.swift */,
			);
			path = MacLandmarks;
			sourceTree = "<group>";
		};
		04150CB629F775E500AD81A0 /* Preview Content */ = {
			isa = PBXGroup;
			children = (
				04150CB729F775E500AD81A0 /* Preview Assets.xcassets */,
			);
			path = "Preview Content";
			sourceTree = "<group>";
		};
		04150CC129F775E500AD81A0 /* MacLandmarksTests */ = {
			isa = PBXGroup;
			children = (
				04150CC229F775E500AD81A0 /* MacLandmarksTests.swift */,
			);
			path = MacLandmarksTests;
			sourceTree = "<group>";
		};
		04150CCB29F775E500AD81A0 /* MacLandmarksUITests */ = {
			isa = PBXGroup;
			children = (
				04150CCC29F775E500AD81A0 /* MacLandmarksUITests.swift */,
				04150CCE29F775E500AD81A0 /* MacLandmarksUITestsLaunchTests.swift */,
			);
			path = MacLandmarksUITests;
			sourceTree = "<group>";
		};
/* End PBXGroup section */

/* Begin PBXNativeTarget section */
		040B47E329EE29DA003BAB6F /* 0706012110055-Muhammad Ghifari Febriansyah-AFL 3 */ = {
			isa = PBXNativeTarget;
			buildConfigurationList = 040B480829EE29DC003BAB6F /* Build configuration list for PBXNativeTarget "0706012110055-Muhammad Ghifari Febriansyah-AFL 3" */;
			buildPhases = (
				040B47E029EE29DA003BAB6F /* Sources */,
				040B47E129EE29DA003BAB6F /* Frameworks */,
				040B47E229EE29DA003BAB6F /* Resources */,
			);
			buildRules = (
			);
			dependencies = (
			);
			name = "0706012110055-Muhammad Ghifari Febriansyah-AFL 3";
			productName = "0706012110055-Muhammad Ghifari Febriansyah-AFL 3";
			productReference = 040B47E429EE29DA003BAB6F /* 0706012110055-Muhammad Ghifari Febriansyah-AFL 3.app */;
			productType = "com.apple.product-type.application";
		};
		040B47F329EE29DC003BAB6F /* 0706012110055-Muhammad Ghifari Febriansyah-AFL 3Tests */ = {
			isa = PBXNativeTarget;
			buildConfigurationList = 040B480B29EE29DC003BAB6F /* Build configuration list for PBXNativeTarget "0706012110055-Muhammad Ghifari Febriansyah-AFL 3Tests" */;
			buildPhases = (
				040B47F029EE29DC003BAB6F /* Sources */,
				040B47F129EE29DC003BAB6F /* Frameworks */,
				040B47F229EE29DC003BAB6F /* Resources */,
			);
			buildRules = (
			);
			dependencies = (
				040B47F629EE29DC003BAB6F /* PBXTargetDependency */,
			);
			name = "0706012110055-Muhammad Ghifari Febriansyah-AFL 3Tests";
			productName = "0706012110055-Muhammad Ghifari Febriansyah-AFL 3Tests";
			productReference = 040B47F429EE29DC003BAB6F /* 0706012110055-Muhammad Ghifari Febriansyah-AFL 3Tests.xctest */;
			productType = "com.apple.product-type.bundle.unit-test";
		};
		040B47FD29EE29DC003BAB6F /* 0706012110055-Muhammad Ghifari Febriansyah-AFL 3UITests */ = {
			isa = PBXNativeTarget;
			buildConfigurationList = 040B480E29EE29DC003BAB6F /* Build configuration list for PBXNativeTarget "0706012110055-Muhammad Ghifari Febriansyah-AFL 3UITests" */;
			buildPhases = (
				040B47FA29EE29DC003BAB6F /* Sources */,
				040B47FB29EE29DC003BAB6F /* Frameworks */,
				040B47FC29EE29DC003BAB6F /* Resources */,
			);
			buildRules = (
			);
			dependencies = (
				040B480029EE29DC003BAB6F /* PBXTargetDependency */,
			);
			name = "0706012110055-Muhammad Ghifari Febriansyah-AFL 3UITests";
			productName = "0706012110055-Muhammad Ghifari Febriansyah-AFL 3UITests";
			productReference = 040B47FE29EE29DC003BAB6F /* 0706012110055-Muhammad Ghifari Febriansyah-AFL 3UITests.xctest */;
			productType = "com.apple.product-type.bundle.ui-testing";
		};
		04150CAD29F775E100AD81A0 /* MacLandmarks */ = {
			isa = PBXNativeTarget;
			buildConfigurationList = 04150CD029F775E500AD81A0 /* Build configuration list for PBXNativeTarget "MacLandmarks" */;
			buildPhases = (
				04150CAA29F775E100AD81A0 /* Sources */,
				04150CAB29F775E100AD81A0 /* Frameworks */,
				04150CAC29F775E100AD81A0 /* Resources */,
			);
			buildRules = (
			);
			dependencies = (
			);
			name = MacLandmarks;
			productName = MacLandmarks;
			productReference = 04150CAE29F775E100AD81A0 /* MacLandmarks.app */;
			productType = "com.apple.product-type.application";
		};
		04150CBD29F775E500AD81A0 /* MacLandmarksTests */ = {
			isa = PBXNativeTarget;
			buildConfigurationList = 04150CD329F775E500AD81A0 /* Build configuration list for PBXNativeTarget "MacLandmarksTests" */;
			buildPhases = (
				04150CBA29F775E500AD81A0 /* Sources */,
				04150CBB29F775E500AD81A0 /* Frameworks */,
				04150CBC29F775E500AD81A0 /* Resources */,
			);
			buildRules = (
			);
			dependencies = (
				04150CC029F775E500AD81A0 /* PBXTargetDependency */,
			);
			name = MacLandmarksTests;
			productName = MacLandmarksTests;
			productReference = 04150CBE29F775E500AD81A0 /* MacLandmarksTests.xctest */;
			productType = "com.apple.product-type.bundle.unit-test";
		};
		04150CC729F775E500AD81A0 /* MacLandmarksUITests */ = {
			isa = PBXNativeTarget;
			buildConfigurationList = 04150CD629F775E500AD81A0 /* Build configuration list for PBXNativeTarget "MacLandmarksUITests" */;
			buildPhases = (
				04150CC429F775E500AD81A0 /* Sources */,
				04150CC529F775E500AD81A0 /* Frameworks */,
				04150CC629F775E500AD81A0 /* Resources */,
			);
			buildRules = (
			);
			dependencies = (
				04150CCA29F775E500AD81A0 /* PBXTargetDependency */,
			);
			name = MacLandmarksUITests;
			productName = MacLandmarksUITests;
			productReference = 04150CC829F775E500AD81A0 /* MacLandmarksUITests.xctest */;
			productType = "com.apple.product-type.bundle.ui-testing";
		};
/* End PBXNativeTarget section */

/* Begin PBXProject section */
		040B47DC29EE29DA003BAB6F /* Project object */ = {
			isa = PBXProject;
			attributes = {
				BuildIndependentTargetsInParallel = 1;
				LastSwiftUpdateCheck = 1420;
				LastUpgradeCheck = 1420;
				TargetAttributes = {
					040B47E329EE29DA003BAB6F = {
						CreatedOnToolsVersion = 14.2;
					};
					040B47F329EE29DC003BAB6F = {
						CreatedOnToolsVersion = 14.2;
						TestTargetID = 040B47E329EE29DA003BAB6F;
					};
					040B47FD29EE29DC003BAB6F = {
						CreatedOnToolsVersion = 14.2;
						TestTargetID = 040B47E329EE29DA003BAB6F;
					};
					04150CAD29F775E100AD81A0 = {
						CreatedOnToolsVersion = 14.2;
					};
					04150CBD29F775E500AD81A0 = {
						CreatedOnToolsVersion = 14.2;
						TestTargetID = 04150CAD29F775E100AD81A0;
					};
					04150CC729F775E500AD81A0 = {
						CreatedOnToolsVersion = 14.2;
						TestTargetID = 04150CAD29F775E100AD81A0;
					};
				};
			};
			buildConfigurationList = 040B47DF29EE29DA003BAB6F /* Build configuration list for PBXProject "0706012110055-Muhammad Ghifari Febriansyah-AFL 3" */;
			compatibilityVersion = "Xcode 14.0";
			developmentRegion = en;
			hasScannedForEncodings = 0;
			knownRegions = (
				en,
				Base,
			);
			mainGroup = 040B47DB29EE29DA003BAB6F;
			productRefGroup = 040B47E529EE29DA003BAB6F /* Products */;
			projectDirPath = "";
			projectRoot = "";
			targets = (
				040B47E329EE29DA003BAB6F /* 0706012110055-Muhammad Ghifari Febriansyah-AFL 3 */,
				040B47F329EE29DC003BAB6F /* 0706012110055-Muhammad Ghifari Febriansyah-AFL 3Tests */,
				040B47FD29EE29DC003BAB6F /* 0706012110055-Muhammad Ghifari Febriansyah-AFL 3UITests */,
				04150CAD29F775E100AD81A0 /* MacLandmarks */,
				04150CBD29F775E500AD81A0 /* MacLandmarksTests */,
				04150CC729F775E500AD81A0 /* MacLandmarksUITests */,
			);
		};
/* End PBXProject section */

/* Begin PBXResourcesBuildPhase section */
		040B47E229EE29DA003BAB6F /* Resources */ = {
			isa = PBXResourcesBuildPhase;
			buildActionMask = 2147483647;
			files = (
				040B483829EE29F6003BAB6F /* Preview Assets.xcassets in Resources */,
				040B47EF29EE29DB003BAB6F /* Preview Assets.xcassets in Resources */,
				040B483429EE29F6003BAB6F /* Assets.xcassets in Resources */,
				040B483929EE29F6003BAB6F /* hikeData.json in Resources */,
				040B483A29EE29F6003BAB6F /* landmarkData.json in Resources */,
			);
			runOnlyForDeploymentPostprocessing = 0;
		};
		040B47F229EE29DC003BAB6F /* Resources */ = {
			isa = PBXResourcesBuildPhase;
			buildActionMask = 2147483647;
			files = (
			);
			runOnlyForDeploymentPostprocessing = 0;
		};
		040B47FC29EE29DC003BAB6F /* Resources */ = {
			isa = PBXResourcesBuildPhase;
			buildActionMask = 2147483647;
			files = (
			);
			runOnlyForDeploymentPostprocessing = 0;
		};
		04150CAC29F775E100AD81A0 /* Resources */ = {
			isa = PBXResourcesBuildPhase;
			buildActionMask = 2147483647;
			files = (
				04150CB829F775E500AD81A0 /* Preview Assets.xcassets in Resources */,
				04150CDE29F7775600AD81A0 /* landmarkData.json in Resources */,
				04150CDA29F7775600AD81A0 /* hikeData.json in Resources */,
				04150CB529F775E500AD81A0 /* Assets.xcassets in Resources */,
				04150CE129F7775600AD81A0 /* Assets.xcassets in Resources */,
			);
			runOnlyForDeploymentPostprocessing = 0;
		};
		04150CBC29F775E500AD81A0 /* Resources */ = {
			isa = PBXResourcesBuildPhase;
			buildActionMask = 2147483647;
			files = (
			);
			runOnlyForDeploymentPostprocessing = 0;
		};
		04150CC629F775E500AD81A0 /* Resources */ = {
			isa = PBXResourcesBuildPhase;
			buildActionMask = 2147483647;
			files = (
			);
			runOnlyForDeploymentPostprocessing = 0;
		};
/* End PBXResourcesBuildPhase section */

/* Begin PBXSourcesBuildPhase section */
		040B47E029EE29DA003BAB6F /* Sources */ = {
			isa = PBXSourcesBuildPhase;
			buildActionMask = 2147483647;
			files = (
				040B484A29EE29F6003BAB6F /* HexagonParameters.swift in Sources */,
				040B485229EE351C003BAB6F /* Profile.swift in Sources */,
				040B484D29EE29F6003BAB6F /* Badge.swift in Sources */,
				040B483529EE29F6003BAB6F /* Hike.swift in Sources */,
				04150CA529F36B9C00AD81A0 /* FeatureCard.swift in Sources */,
				040B484829EE29F6003BAB6F /* FavoriteButton.swift in Sources */,
				040B485629EE3587003BAB6F /* ProfileHost.swift in Sources */,
				040B484929EE29F6003BAB6F /* RotateBadgeSymbol.swift in Sources */,
				040B483629EE29F6003BAB6F /* ModelData.swift in Sources */,
				040B484B29EE29F6003BAB6F /* BadgeSymbol.swift in Sources */,
				04150CA929F36EF000AD81A0 /* PageControl.swift in Sources */,
				040B484529EE29F6003BAB6F /* ContentView.swift in Sources */,
				040B484129EE29F6003BAB6F /* LandmarkRow.swift in Sources */,
				040B483B29EE29F6003BAB6F /* GraphCapsule.swift in Sources */,
				040B484729EE29F6003BAB6F /* CircleImage.swift in Sources */,
				040B483E29EE29F6003BAB6F /* HikeView.swift in Sources */,
				040B483C29EE29F6003BAB6F /* HikeGraph.swift in Sources */,
				040B484429EE29F6003BAB6F /* CategoryRow.swift in Sources */,
				040B484629EE29F6003BAB6F /* MapView.swift in Sources */,
				04150CA729F36BD300AD81A0 /* PageView.swift in Sources */,
				040B47E829EE29DA003BAB6F /* _706012110055_Muhammad_Ghifari_Febriansyah_AFL_3App.swift in Sources */,
				04150C9C29F366D500AD81A0 /* ProfileEditor.swift in Sources */,
				040B484329EE29F6003BAB6F /* CategoryHome.swift in Sources */,
				040B484C29EE29F6003BAB6F /* BadgeBackground.swift in Sources */,
				040B484229EE29F6003BAB6F /* CategoryItem.swift in Sources */,
				04150CA129F36A9000AD81A0 /* PageViewController.swift in Sources */,
				040B483729EE29F6003BAB6F /* Landmark.swift in Sources */,
				040B485829EE35B7003BAB6F /* HikeBadge.swift in Sources */,
				040B483D29EE29F6003BAB6F /* HikeDetail.swift in Sources */,
				040B485429EE3532003BAB6F /* ProfileSummary.swift in Sources */,
				040B483F29EE29F6003BAB6F /* LandmarkList.swift in Sources */,
				040B484029EE29F6003BAB6F /* LandmarkDetail.swift in Sources */,
			);
			runOnlyForDeploymentPostprocessing = 0;
		};
		040B47F029EE29DC003BAB6F /* Sources */ = {
			isa = PBXSourcesBuildPhase;
			buildActionMask = 2147483647;
			files = (
				040B47F929EE29DC003BAB6F /* _706012110055_Muhammad_Ghifari_Febriansyah_AFL_3Tests.swift in Sources */,
			);
			runOnlyForDeploymentPostprocessing = 0;
		};
		040B47FA29EE29DC003BAB6F /* Sources */ = {
			isa = PBXSourcesBuildPhase;
			buildActionMask = 2147483647;
			files = (
				040B480529EE29DC003BAB6F /* _706012110055_Muhammad_Ghifari_Febriansyah_AFL_3UITestsLaunchTests.swift in Sources */,
				040B480329EE29DC003BAB6F /* _706012110055_Muhammad_Ghifari_Febriansyah_AFL_3UITests.swift in Sources */,
			);
			runOnlyForDeploymentPostprocessing = 0;
		};
		04150CAA29F775E100AD81A0 /* Sources */ = {
			isa = PBXSourcesBuildPhase;
			buildActionMask = 2147483647;
			files = (
				04150CDF29F7775600AD81A0 /* Hike.swift in Sources */,
				04150CE829F778A400AD81A0 /* MapView.swift in Sources */,
				04150CB329F775E100AD81A0 /* ContentView.swift in Sources */,
				04150CDB29F7775600AD81A0 /* Profile.swift in Sources */,
				04150CE229F7775600AD81A0 /* LandmarkList.swift in Sources */,
				04150CE529F7784500AD81A0 /* LandmarkDetail.swift in Sources */,
				04150CDC29F7775600AD81A0 /* LandmarkRow.swift in Sources */,
				04150CD929F7775600AD81A0 /* _706012110055_Muhammad_Ghifari_Febriansyah_AFL_3App.swift in Sources */,
				04150CDD29F7775600AD81A0 /* Landmark.swift in Sources */,
				04150CE029F7775600AD81A0 /* ModelData.swift in Sources */,
				04150CE729F778A400AD81A0 /* FavoriteButton.swift in Sources */,
				04150CE629F778A400AD81A0 /* CircleImage.swift in Sources */,
			);
			runOnlyForDeploymentPostprocessing = 0;
		};
		04150CBA29F775E500AD81A0 /* Sources */ = {
			isa = PBXSourcesBuildPhase;
			buildActionMask = 2147483647;
			files = (
				04150CC329F775E500AD81A0 /* MacLandmarksTests.swift in Sources */,
			);
			runOnlyForDeploymentPostprocessing = 0;
		};
		04150CC429F775E500AD81A0 /* Sources */ = {
			isa = PBXSourcesBuildPhase;
			buildActionMask = 2147483647;
			files = (
				04150CCF29F775E500AD81A0 /* MacLandmarksUITestsLaunchTests.swift in Sources */,
				04150CCD29F775E500AD81A0 /* MacLandmarksUITests.swift in Sources */,
			);
			runOnlyForDeploymentPostprocessing = 0;
		};
/* End PBXSourcesBuildPhase section */

/* Begin PBXTargetDependency section */
		040B47F629EE29DC003BAB6F /* PBXTargetDependency */ = {
			isa = PBXTargetDependency;
			target = 040B47E329EE29DA003BAB6F /* 0706012110055-Muhammad Ghifari Febriansyah-AFL 3 */;
			targetProxy = 040B47F529EE29DC003BAB6F /* PBXContainerItemProxy */;
		};
		040B480029EE29DC003BAB6F /* PBXTargetDependency */ = {
			isa = PBXTargetDependency;
			target = 040B47E329EE29DA003BAB6F /* 0706012110055-Muhammad Ghifari Febriansyah-AFL 3 */;
			targetProxy = 040B47FF29EE29DC003BAB6F /* PBXContainerItemProxy */;
		};
		04150CC029F775E500AD81A0 /* PBXTargetDependency */ = {
			isa = PBXTargetDependency;
			target = 04150CAD29F775E100AD81A0 /* MacLandmarks */;
			targetProxy = 04150CBF29F775E500AD81A0 /* PBXContainerItemProxy */;
		};
		04150CCA29F775E500AD81A0 /* PBXTargetDependency */ = {
			isa = PBXTargetDependency;
			target = 04150CAD29F775E100AD81A0 /* MacLandmarks */;
			targetProxy = 04150CC929F775E500AD81A0 /* PBXContainerItemProxy */;
		};
/* End PBXTargetDependency section */

/* Begin XCBuildConfiguration section */
		040B480629EE29DC003BAB6F /* Debug */ = {
			isa = XCBuildConfiguration;
			buildSettings = {
				ALWAYS_SEARCH_USER_PATHS = NO;
				CLANG_ANALYZER_NONNULL = YES;
				CLANG_ANALYZER_NUMBER_OBJECT_CONVERSION = YES_AGGRESSIVE;
				CLANG_CXX_LANGUAGE_STANDARD = "gnu++20";
				CLANG_ENABLE_MODULES = YES;
				CLANG_ENABLE_OBJC_ARC = YES;
				CLANG_ENABLE_OBJC_WEAK = YES;
				CLANG_WARN_BLOCK_CAPTURE_AUTORELEASING = YES;
				CLANG_WARN_BOOL_CONVERSION = YES;
				CLANG_WARN_COMMA = YES;
				CLANG_WARN_CONSTANT_CONVERSION = YES;
				CLANG_WARN_DEPRECATED_OBJC_IMPLEMENTATIONS = YES;
				CLANG_WARN_DIRECT_OBJC_ISA_USAGE = YES_ERROR;
				CLANG_WARN_DOCUMENTATION_COMMENTS = YES;
				CLANG_WARN_EMPTY_BODY = YES;
				CLANG_WARN_ENUM_CONVERSION = YES;
				CLANG_WARN_INFINITE_RECURSION = YES;
				CLANG_WARN_INT_CONVERSION = YES;
				CLANG_WARN_NON_LITERAL_NULL_CONVERSION = YES;
				CLANG_WARN_OBJC_IMPLICIT_RETAIN_SELF = YES;
				CLANG_WARN_OBJC_LITERAL_CONVERSION = YES;
				CLANG_WARN_OBJC_ROOT_CLASS = YES_ERROR;
				CLANG_WARN_QUOTED_INCLUDE_IN_FRAMEWORK_HEADER = YES;
				CLANG_WARN_RANGE_LOOP_ANALYSIS = YES;
				CLANG_WARN_STRICT_PROTOTYPES = YES;
				CLANG_WARN_SUSPICIOUS_MOVE = YES;
				CLANG_WARN_UNGUARDED_AVAILABILITY = YES_AGGRESSIVE;
				CLANG_WARN_UNREACHABLE_CODE = YES;
				CLANG_WARN__DUPLICATE_METHOD_MATCH = YES;
				COPY_PHASE_STRIP = NO;
				DEBUG_INFORMATION_FORMAT = dwarf;
				ENABLE_STRICT_OBJC_MSGSEND = YES;
				ENABLE_TESTABILITY = YES;
				GCC_C_LANGUAGE_STANDARD = gnu11;
				GCC_DYNAMIC_NO_PIC = NO;
				GCC_NO_COMMON_BLOCKS = YES;
				GCC_OPTIMIZATION_LEVEL = 0;
				GCC_PREPROCESSOR_DEFINITIONS = (
					"DEBUG=1",
					"$(inherited)",
				);
				GCC_WARN_64_TO_32_BIT_CONVERSION = YES;
				GCC_WARN_ABOUT_RETURN_TYPE = YES_ERROR;
				GCC_WARN_UNDECLARED_SELECTOR = YES;
				GCC_WARN_UNINITIALIZED_AUTOS = YES_AGGRESSIVE;
				GCC_WARN_UNUSED_FUNCTION = YES;
				GCC_WARN_UNUSED_VARIABLE = YES;
				IPHONEOS_DEPLOYMENT_TARGET = 16.2;
				MTL_ENABLE_DEBUG_INFO = INCLUDE_SOURCE;
				MTL_FAST_MATH = YES;
				ONLY_ACTIVE_ARCH = YES;
				SDKROOT = iphoneos;
				SWIFT_ACTIVE_COMPILATION_CONDITIONS = DEBUG;
				SWIFT_OPTIMIZATION_LEVEL = "-Onone";
			};
			name = Debug;
		};
		040B480729EE29DC003BAB6F /* Release */ = {
			isa = XCBuildConfiguration;
			buildSettings = {
				ALWAYS_SEARCH_USER_PATHS = NO;
				CLANG_ANALYZER_NONNULL = YES;
				CLANG_ANALYZER_NUMBER_OBJECT_CONVERSION = YES_AGGRESSIVE;
				CLANG_CXX_LANGUAGE_STANDARD = "gnu++20";
				CLANG_ENABLE_MODULES = YES;
				CLANG_ENABLE_OBJC_ARC = YES;
				CLANG_ENABLE_OBJC_WEAK = YES;
				CLANG_WARN_BLOCK_CAPTURE_AUTORELEASING = YES;
				CLANG_WARN_BOOL_CONVERSION = YES;
				CLANG_WARN_COMMA = YES;
				CLANG_WARN_CONSTANT_CONVERSION = YES;
				CLANG_WARN_DEPRECATED_OBJC_IMPLEMENTATIONS = YES;
				CLANG_WARN_DIRECT_OBJC_ISA_USAGE = YES_ERROR;
				CLANG_WARN_DOCUMENTATION_COMMENTS = YES;
				CLANG_WARN_EMPTY_BODY = YES;
				CLANG_WARN_ENUM_CONVERSION = YES;
				CLANG_WARN_INFINITE_RECURSION = YES;
				CLANG_WARN_INT_CONVERSION = YES;
				CLANG_WARN_NON_LITERAL_NULL_CONVERSION = YES;
				CLANG_WARN_OBJC_IMPLICIT_RETAIN_SELF = YES;
				CLANG_WARN_OBJC_LITERAL_CONVERSION = YES;
				CLANG_WARN_OBJC_ROOT_CLASS = YES_ERROR;
				CLANG_WARN_QUOTED_INCLUDE_IN_FRAMEWORK_HEADER = YES;
				CLANG_WARN_RANGE_LOOP_ANALYSIS = YES;
				CLANG_WARN_STRICT_PROTOTYPES = YES;
				CLANG_WARN_SUSPICIOUS_MOVE = YES;
				CLANG_WARN_UNGUARDED_AVAILABILITY = YES_AGGRESSIVE;
				CLANG_WARN_UNREACHABLE_CODE = YES;
				CLANG_WARN__DUPLICATE_METHOD_MATCH = YES;
				COPY_PHASE_STRIP = NO;
				DEBUG_INFORMATION_FORMAT = "dwarf-with-dsym";
				ENABLE_NS_ASSERTIONS = NO;
				ENABLE_STRICT_OBJC_MSGSEND = YES;
				GCC_C_LANGUAGE_STANDARD = gnu11;
				GCC_NO_COMMON_BLOCKS = YES;
				GCC_WARN_64_TO_32_BIT_CONVERSION = YES;
				GCC_WARN_ABOUT_RETURN_TYPE = YES_ERROR;
				GCC_WARN_UNDECLARED_SELECTOR = YES;
				GCC_WARN_UNINITIALIZED_AUTOS = YES_AGGRESSIVE;
				GCC_WARN_UNUSED_FUNCTION = YES;
				GCC_WARN_UNUSED_VARIABLE = YES;
				IPHONEOS_DEPLOYMENT_TARGET = 16.2;
				MTL_ENABLE_DEBUG_INFO = NO;
				MTL_FAST_MATH = YES;
				SDKROOT = iphoneos;
				SWIFT_COMPILATION_MODE = wholemodule;
				SWIFT_OPTIMIZATION_LEVEL = "-O";
				VALIDATE_PRODUCT = YES;
			};
			name = Release;
		};
		040B480929EE29DC003BAB6F /* Debug */ = {
			isa = XCBuildConfiguration;
			buildSettings = {
				ASSETCATALOG_COMPILER_APPICON_NAME = AppIcon;
				ASSETCATALOG_COMPILER_GLOBAL_ACCENT_COLOR_NAME = AccentColor;
				CODE_SIGN_STYLE = Automatic;
				CURRENT_PROJECT_VERSION = 1;
				DEVELOPMENT_ASSET_PATHS = "\"0706012110055-Muhammad Ghifari Febriansyah-AFL 3/Preview Content\"";
				DEVELOPMENT_TEAM = 47UNRM7N7F;
				ENABLE_PREVIEWS = YES;
				GENERATE_INFOPLIST_FILE = YES;
				INFOPLIST_KEY_UIApplicationSceneManifest_Generation = YES;
				INFOPLIST_KEY_UIApplicationSupportsIndirectInputEvents = YES;
				INFOPLIST_KEY_UILaunchScreen_Generation = YES;
				INFOPLIST_KEY_UISupportedInterfaceOrientations_iPad = "UIInterfaceOrientationPortrait UIInterfaceOrientationPortraitUpsideDown UIInterfaceOrientationLandscapeLeft UIInterfaceOrientationLandscapeRight";
				INFOPLIST_KEY_UISupportedInterfaceOrientations_iPhone = "UIInterfaceOrientationPortrait UIInterfaceOrientationLandscapeLeft UIInterfaceOrientationLandscapeRight";
				LD_RUNPATH_SEARCH_PATHS = (
					"$(inherited)",
					"@executable_path/Frameworks",
				);
				MARKETING_VERSION = 1.0;
				PRODUCT_BUNDLE_IDENTIFIER = "Ghifari.-706012110055-Muhammad-Ghifari-Febriansyah-AFL-3";
				PRODUCT_NAME = "$(TARGET_NAME)";
				SWIFT_EMIT_LOC_STRINGS = YES;
				SWIFT_VERSION = 5.0;
				TARGETED_DEVICE_FAMILY = "1,2";
			};
			name = Debug;
		};
		040B480A29EE29DC003BAB6F /* Release */ = {
			isa = XCBuildConfiguration;
			buildSettings = {
				ASSETCATALOG_COMPILER_APPICON_NAME = AppIcon;
				ASSETCATALOG_COMPILER_GLOBAL_ACCENT_COLOR_NAME = AccentColor;
				CODE_SIGN_STYLE = Automatic;
				CURRENT_PROJECT_VERSION = 1;
				DEVELOPMENT_ASSET_PATHS = "\"0706012110055-Muhammad Ghifari Febriansyah-AFL 3/Preview Content\"";
				DEVELOPMENT_TEAM = 47UNRM7N7F;
				ENABLE_PREVIEWS = YES;
				GENERATE_INFOPLIST_FILE = YES;
				INFOPLIST_KEY_UIApplicationSceneManifest_Generation = YES;
				INFOPLIST_KEY_UIApplicationSupportsIndirectInputEvents = YES;
				INFOPLIST_KEY_UILaunchScreen_Generation = YES;
				INFOPLIST_KEY_UISupportedInterfaceOrientations_iPad = "UIInterfaceOrientationPortrait UIInterfaceOrientationPortraitUpsideDown UIInterfaceOrientationLandscapeLeft UIInterfaceOrientationLandscapeRight";
				INFOPLIST_KEY_UISupportedInterfaceOrientations_iPhone = "UIInterfaceOrientationPortrait UIInterfaceOrientationLandscapeLeft UIInterfaceOrientationLandscapeRight";
				LD_RUNPATH_SEARCH_PATHS = (
					"$(inherited)",
					"@executable_path/Frameworks",
				);
				MARKETING_VERSION = 1.0;
				PRODUCT_BUNDLE_IDENTIFIER = "Ghifari.-706012110055-Muhammad-Ghifari-Febriansyah-AFL-3";
				PRODUCT_NAME = "$(TARGET_NAME)";
				SWIFT_EMIT_LOC_STRINGS = YES;
				SWIFT_VERSION = 5.0;
				TARGETED_DEVICE_FAMILY = "1,2";
			};
			name = Release;
		};
		040B480C29EE29DC003BAB6F /* Debug */ = {
			isa = XCBuildConfiguration;
			buildSettings = {
				ALWAYS_EMBED_SWIFT_STANDARD_LIBRARIES = YES;
				BUNDLE_LOADER = "$(TEST_HOST)";
				CODE_SIGN_STYLE = Automatic;
				CURRENT_PROJECT_VERSION = 1;
				DEVELOPMENT_TEAM = 47UNRM7N7F;
				GENERATE_INFOPLIST_FILE = YES;
				IPHONEOS_DEPLOYMENT_TARGET = 16.2;
				MARKETING_VERSION = 1.0;
				PRODUCT_BUNDLE_IDENTIFIER = "Ghifari.-706012110055-Muhammad-Ghifari-Febriansyah-AFL-3Tests";
				PRODUCT_NAME = "$(TARGET_NAME)";
				SWIFT_EMIT_LOC_STRINGS = NO;
				SWIFT_VERSION = 5.0;
				TARGETED_DEVICE_FAMILY = "1,2";
				TEST_HOST = "$(BUILT_PRODUCTS_DIR)/0706012110055-Muhammad Ghifari Febriansyah-AFL 3.app/$(BUNDLE_EXECUTABLE_FOLDER_PATH)/0706012110055-Muhammad Ghifari Febriansyah-AFL 3";
			};
			name = Debug;
		};
		040B480D29EE29DC003BAB6F /* Release */ = {
			isa = XCBuildConfiguration;
			buildSettings = {
				ALWAYS_EMBED_SWIFT_STANDARD_LIBRARIES = YES;
				BUNDLE_LOADER = "$(TEST_HOST)";
				CODE_SIGN_STYLE = Automatic;
				CURRENT_PROJECT_VERSION = 1;
				DEVELOPMENT_TEAM = 47UNRM7N7F;
				GENERATE_INFOPLIST_FILE = YES;
				IPHONEOS_DEPLOYMENT_TARGET = 16.2;
				MARKETING_VERSION = 1.0;
				PRODUCT_BUNDLE_IDENTIFIER = "Ghifari.-706012110055-Muhammad-Ghifari-Febriansyah-AFL-3Tests";
				PRODUCT_NAME = "$(TARGET_NAME)";
				SWIFT_EMIT_LOC_STRINGS = NO;
				SWIFT_VERSION = 5.0;
				TARGETED_DEVICE_FAMILY = "1,2";
				TEST_HOST = "$(BUILT_PRODUCTS_DIR)/0706012110055-Muhammad Ghifari Febriansyah-AFL 3.app/$(BUNDLE_EXECUTABLE_FOLDER_PATH)/0706012110055-Muhammad Ghifari Febriansyah-AFL 3";
			};
			name = Release;
		};
		040B480F29EE29DC003BAB6F /* Debug */ = {
			isa = XCBuildConfiguration;
			buildSettings = {
				ALWAYS_EMBED_SWIFT_STANDARD_LIBRARIES = YES;
				CODE_SIGN_STYLE = Automatic;
				CURRENT_PROJECT_VERSION = 1;
				DEVELOPMENT_TEAM = 47UNRM7N7F;
				GENERATE_INFOPLIST_FILE = YES;
				MARKETING_VERSION = 1.0;
				PRODUCT_BUNDLE_IDENTIFIER = "Ghifari.-706012110055-Muhammad-Ghifari-Febriansyah-AFL-3UITests";
				PRODUCT_NAME = "$(TARGET_NAME)";
				SWIFT_EMIT_LOC_STRINGS = NO;
				SWIFT_VERSION = 5.0;
				TARGETED_DEVICE_FAMILY = "1,2";
				TEST_TARGET_NAME = "0706012110055-Muhammad Ghifari Febriansyah-AFL 3";
			};
			name = Debug;
		};
		040B481029EE29DC003BAB6F /* Release */ = {
			isa = XCBuildConfiguration;
			buildSettings = {
				ALWAYS_EMBED_SWIFT_STANDARD_LIBRARIES = YES;
				CODE_SIGN_STYLE = Automatic;
				CURRENT_PROJECT_VERSION = 1;
				DEVELOPMENT_TEAM = 47UNRM7N7F;
				GENERATE_INFOPLIST_FILE = YES;
				MARKETING_VERSION = 1.0;
				PRODUCT_BUNDLE_IDENTIFIER = "Ghifari.-706012110055-Muhammad-Ghifari-Febriansyah-AFL-3UITests";
				PRODUCT_NAME = "$(TARGET_NAME)";
				SWIFT_EMIT_LOC_STRINGS = NO;
				SWIFT_VERSION = 5.0;
				TARGETED_DEVICE_FAMILY = "1,2";
				TEST_TARGET_NAME = "0706012110055-Muhammad Ghifari Febriansyah-AFL 3";
			};
			name = Release;
		};
		04150CD129F775E500AD81A0 /* Debug */ = {
			isa = XCBuildConfiguration;
			buildSettings = {
				ASSETCATALOG_COMPILER_APPICON_NAME = AppIcon;
				ASSETCATALOG_COMPILER_GLOBAL_ACCENT_COLOR_NAME = AccentColor;
				CODE_SIGN_ENTITLEMENTS = MacLandmarks/MacLandmarks.entitlements;
				CODE_SIGN_STYLE = Automatic;
				COMBINE_HIDPI_IMAGES = YES;
				CURRENT_PROJECT_VERSION = 1;
				DEVELOPMENT_ASSET_PATHS = "\"MacLandmarks/Preview Content\"";
				DEVELOPMENT_TEAM = 47UNRM7N7F;
				ENABLE_HARDENED_RUNTIME = YES;
				ENABLE_PREVIEWS = YES;
				GENERATE_INFOPLIST_FILE = YES;
				INFOPLIST_KEY_NSHumanReadableCopyright = "";
				LD_RUNPATH_SEARCH_PATHS = (
					"$(inherited)",
					"@executable_path/../Frameworks",
				);
				MACOSX_DEPLOYMENT_TARGET = 13.0;
				MARKETING_VERSION = 1.0;
				PRODUCT_BUNDLE_IDENTIFIER = Ghifari.MacLandmarks;
				PRODUCT_NAME = "$(TARGET_NAME)";
				SDKROOT = macosx;
				SWIFT_EMIT_LOC_STRINGS = YES;
				SWIFT_VERSION = 5.0;
			};
			name = Debug;
		};
		04150CD229F775E500AD81A0 /* Release */ = {
			isa = XCBuildConfiguration;
			buildSettings = {
				ASSETCATALOG_COMPILER_APPICON_NAME = AppIcon;
				ASSETCATALOG_COMPILER_GLOBAL_ACCENT_COLOR_NAME = AccentColor;
				CODE_SIGN_ENTITLEMENTS = MacLandmarks/MacLandmarks.entitlements;
				CODE_SIGN_STYLE = Automatic;
				COMBINE_HIDPI_IMAGES = YES;
				CURRENT_PROJECT_VERSION = 1;
				DEVELOPMENT_ASSET_PATHS = "\"MacLandmarks/Preview Content\"";
				DEVELOPMENT_TEAM = 47UNRM7N7F;
				ENABLE_HARDENED_RUNTIME = YES;
				ENABLE_PREVIEWS = YES;
				GENERATE_INFOPLIST_FILE = YES;
				INFOPLIST_KEY_NSHumanReadableCopyright = "";
				LD_RUNPATH_SEARCH_PATHS = (
					"$(inherited)",
					"@executable_path/../Frameworks",
				);
				MACOSX_DEPLOYMENT_TARGET = 13.0;
				MARKETING_VERSION = 1.0;
				PRODUCT_BUNDLE_IDENTIFIER = Ghifari.MacLandmarks;
				PRODUCT_NAME = "$(TARGET_NAME)";
				SDKROOT = macosx;
				SWIFT_EMIT_LOC_STRINGS = YES;
				SWIFT_VERSION = 5.0;
			};
			name = Release;
		};
		04150CD429F775E500AD81A0 /* Debug */ = {
			isa = XCBuildConfiguration;
			buildSettings = {
				ALWAYS_EMBED_SWIFT_STANDARD_LIBRARIES = YES;
				BUNDLE_LOADER = "$(TEST_HOST)";
				CODE_SIGN_STYLE = Automatic;
				CURRENT_PROJECT_VERSION = 1;
				DEVELOPMENT_TEAM = 47UNRM7N7F;
				GENERATE_INFOPLIST_FILE = YES;
				MACOSX_DEPLOYMENT_TARGET = 13.0;
				MARKETING_VERSION = 1.0;
				PRODUCT_BUNDLE_IDENTIFIER = Ghifari.MacLandmarksTests;
				PRODUCT_NAME = "$(TARGET_NAME)";
				SDKROOT = macosx;
				SWIFT_EMIT_LOC_STRINGS = NO;
				SWIFT_VERSION = 5.0;
				TEST_HOST = "$(BUILT_PRODUCTS_DIR)/MacLandmarks.app/$(BUNDLE_EXECUTABLE_FOLDER_PATH)/MacLandmarks";
			};
			name = Debug;
		};
		04150CD529F775E500AD81A0 /* Release */ = {
			isa = XCBuildConfiguration;
			buildSettings = {
				ALWAYS_EMBED_SWIFT_STANDARD_LIBRARIES = YES;
				BUNDLE_LOADER = "$(TEST_HOST)";
				CODE_SIGN_STYLE = Automatic;
				CURRENT_PROJECT_VERSION = 1;
				DEVELOPMENT_TEAM = 47UNRM7N7F;
				GENERATE_INFOPLIST_FILE = YES;
				MACOSX_DEPLOYMENT_TARGET = 13.0;
				MARKETING_VERSION = 1.0;
				PRODUCT_BUNDLE_IDENTIFIER = Ghifari.MacLandmarksTests;
				PRODUCT_NAME = "$(TARGET_NAME)";
				SDKROOT = macosx;
				SWIFT_EMIT_LOC_STRINGS = NO;
				SWIFT_VERSION = 5.0;
				TEST_HOST = "$(BUILT_PRODUCTS_DIR)/MacLandmarks.app/$(BUNDLE_EXECUTABLE_FOLDER_PATH)/MacLandmarks";
			};
			name = Release;
		};
		04150CD729F775E500AD81A0 /* Debug */ = {
			isa = XCBuildConfiguration;
			buildSettings = {
				ALWAYS_EMBED_SWIFT_STANDARD_LIBRARIES = YES;
				CODE_SIGN_STYLE = Automatic;
				CURRENT_PROJECT_VERSION = 1;
				DEVELOPMENT_TEAM = 47UNRM7N7F;
				GENERATE_INFOPLIST_FILE = YES;
				MACOSX_DEPLOYMENT_TARGET = 13.0;
				MARKETING_VERSION = 1.0;
				PRODUCT_BUNDLE_IDENTIFIER = Ghifari.MacLandmarksUITests;
				PRODUCT_NAME = "$(TARGET_NAME)";
				SDKROOT = macosx;
				SWIFT_EMIT_LOC_STRINGS = NO;
				SWIFT_VERSION = 5.0;
				TEST_TARGET_NAME = MacLandmarks;
			};
			name = Debug;
		};
		04150CD829F775E500AD81A0 /* Release */ = {
			isa = XCBuildConfiguration;
			buildSettings = {
				ALWAYS_EMBED_SWIFT_STANDARD_LIBRARIES = YES;
				CODE_SIGN_STYLE = Automatic;
				CURRENT_PROJECT_VERSION = 1;
				DEVELOPMENT_TEAM = 47UNRM7N7F;
				GENERATE_INFOPLIST_FILE = YES;
				MACOSX_DEPLOYMENT_TARGET = 13.0;
				MARKETING_VERSION = 1.0;
				PRODUCT_BUNDLE_IDENTIFIER = Ghifari.MacLandmarksUITests;
				PRODUCT_NAME = "$(TARGET_NAME)";
				SDKROOT = macosx;
				SWIFT_EMIT_LOC_STRINGS = NO;
				SWIFT_VERSION = 5.0;
				TEST_TARGET_NAME = MacLandmarks;
			};
			name = Release;
		};
/* End XCBuildConfiguration section */

/* Begin XCConfigurationList section */
		040B47DF29EE29DA003BAB6F /* Build configuration list for PBXProject "0706012110055-Muhammad Ghifari Febriansyah-AFL 3" */ = {
			isa = XCConfigurationList;
			buildConfigurations = (
				040B480629EE29DC003BAB6F /* Debug */,
				040B480729EE29DC003BAB6F /* Release */,
			);
			defaultConfigurationIsVisible = 0;
			defaultConfigurationName = Release;
		};
		040B480829EE29DC003BAB6F /* Build configuration list for PBXNativeTarget "0706012110055-Muhammad Ghifari Febriansyah-AFL 3" */ = {
			isa = XCConfigurationList;
			buildConfigurations = (
				040B480929EE29DC003BAB6F /* Debug */,
				040B480A29EE29DC003BAB6F /* Release */,
			);
			defaultConfigurationIsVisible = 0;
			defaultConfigurationName = Release;
		};
		040B480B29EE29DC003BAB6F /* Build configuration list for PBXNativeTarget "0706012110055-Muhammad Ghifari Febriansyah-AFL 3Tests" */ = {
			isa = XCConfigurationList;
			buildConfigurations = (
				040B480C29EE29DC003BAB6F /* Debug */,
				040B480D29EE29DC003BAB6F /* Release */,
			);
			defaultConfigurationIsVisible = 0;
			defaultConfigurationName = Release;
		};
		040B480E29EE29DC003BAB6F /* Build configuration list for PBXNativeTarget "0706012110055-Muhammad Ghifari Febriansyah-AFL 3UITests" */ = {
			isa = XCConfigurationList;
			buildConfigurations = (
				040B480F29EE29DC003BAB6F /* Debug */,
				040B481029EE29DC003BAB6F /* Release */,
			);
			defaultConfigurationIsVisible = 0;
			defaultConfigurationName = Release;
		};
		04150CD029F775E500AD81A0 /* Build configuration list for PBXNativeTarget "MacLandmarks" */ = {
			isa = XCConfigurationList;
			buildConfigurations = (
				04150CD129F775E500AD81A0 /* Debug */,
				04150CD229F775E500AD81A0 /* Release */,
			);
			defaultConfigurationIsVisible = 0;
			defaultConfigurationName = Release;
		};
		04150CD329F775E500AD81A0 /* Build configuration list for PBXNativeTarget "MacLandmarksTests" */ = {
			isa = XCConfigurationList;
			buildConfigurations = (
				04150CD429F775E500AD81A0 /* Debug */,
				04150CD529F775E500AD81A0 /* Release */,
			);
			defaultConfigurationIsVisible = 0;
			defaultConfigurationName = Release;
		};
		04150CD629F775E500AD81A0 /* Build configuration list for PBXNativeTarget "MacLandmarksUITests" */ = {
			isa = XCConfigurationList;
			buildConfigurations = (
				04150CD729F775E500AD81A0 /* Debug */,
				04150CD829F775E500AD81A0 /* Release */,
			);
			defaultConfigurationIsVisible = 0;
			defaultConfigurationName = Release;
		};
/* End XCConfigurationList section */
	};
	rootObject = 040B47DC29EE29DA003BAB6F /* Project object */;
}
